Microsoft Visual Studio Solution File, Format Version 12.00
# Visual Studio Version 17
VisualStudioVersion = 17.0.31903.59
MinimumVisualStudioVersion = 10.0.40219.1
Project("{FAE04EC0-301F-11D3-BF4B-00C04F79EFBC}") = "Linc.Desktop", "Linc.Desktop\Linc.Desktop.csproj", "{7A1B3C5D-9E2F-4A6B-8C0D-1E3F5A7B9C0E}"
EndProject
Global
	GlobalSection(SolutionConfigurationPlatforms) = preSolution
		Debug|x64 = Debug|x64
		Debug|ARM64 = Debug|ARM64
		Release|x64 = Release|x64
		Release|ARM64 = Release|ARM64
	EndGlobalSection
	GlobalSection(ProjectConfigurationPlatforms) = postSolution
		{7A1B3C5D-9E2F-4A6B-8C0D-1E3F5A7B9C0E}.Debug|x64.ActiveCfg = Debug|x64
		{7A1B3C5D-9E2F-4A6B-8C0D-1E3F5A7B9C0E}.Debug|x64.Build.0 = Debug|x64
		{7A1B3C5D-9E2F-4A6B-8C0D-1E3F5A7B9C0E}.Debug|ARM64.ActiveCfg = Debug|ARM64
		{7A1B3C5D-9E2F-4A6B-8C0D-1E3F5A7B9C0E}.Debug|ARM64.Build.0 = Debug|ARM64
		{7A1B3C5D-9E2F-4A6B-8C0D-1E3F5A7B9C0E}.Release|x64.ActiveCfg = Release|x64
		{7A1B3C5D-9E2F-4A6B-8C0D-1E3F5A7B9C0E}.Release|x64.Build.0 = Release|x64
		{7A1B3C5D-9E2F-4A6B-8C0D-1E3F5A7B9C0E}.Release|ARM64.ActiveCfg = Release|ARM64
		{7A1B3C5D-9E2F-4A6B-8C0D-1E3F5A7B9C0E}.Release|ARM64.Build.0 = Release|ARM64
	EndGlobalSection
	GlobalSection(SolutionProperties) = preSolution
		HideSolutionNode = FALSE
	EndGlobalSection
EndGlobal
